{
    "name": "tracey-plugin-parent",
    "version": "0.0.2",
    "lockfileVersion": 1,
    "requires": true,
    "dependencies": {
        "@types/unist": {
            "version": "2.0.3",
            "resolved": "https://registry.npmjs.org/@types/unist/-/unist-2.0.3.tgz",
            "integrity": "sha512-FvUupuM3rlRsRtCN+fDudtmytGO6iHJuuRKS1Ss0pG5z8oX0diNEw94UEL7hgDbpN94rgaK5R7sWm6RrSkZuAQ=="
        },
        "mdast-builder": {
            "version": "1.1.1",
            "resolved": "https://registry.npmjs.org/mdast-builder/-/mdast-builder-1.1.1.tgz",
            "integrity": "sha512-a3KBk/LmYD6wKsWi8WJrGU/rXR4yuF4Men0JO0z6dSZCm5FrXXWTRDjqK0vGSqa+1M6p9edeuypZAZAzSehTUw==",
            "requires": {
                "@types/unist": "^2.0.3"
            }
        },
        "unist-util-is": {
            "version": "4.0.2",
            "resolved": "https://registry.npmjs.org/unist-util-is/-/unist-util-is-4.0.2.tgz",
            "integrity": "sha512-Ofx8uf6haexJwI1gxWMGg6I/dLnF2yE+KibhD3/diOqY2TinLcqHXCV6OI5gFVn3xQqDH+u0M625pfKwIwgBKQ=="
        },
        "unist-util-visit": {
            "version": "2.0.3",
            "resolved": "https://registry.npmjs.org/unist-util-visit/-/unist-util-visit-2.0.3.tgz",
            "integrity": "sha512-iJ4/RczbJMkD0712mGktuGpm/U4By4FfDonL7N/9tATGIF4imikjOuagyMY53tnZq3NP6BcmlrHhEKAfGWjh7Q==",
            "requires": {
                "@types/unist": "^2.0.0",
                "unist-util-is": "^4.0.0",
                "unist-util-visit-parents": "^3.0.0"
            }
        },
        "unist-util-visit-parents": {
            "version": "3.1.1",
            "resolved": "https://registry.npmjs.org/unist-util-visit-parents/-/unist-util-visit-parents-3.1.1.tgz",
            "integrity": "sha512-1KROIZWo6bcMrZEwiH2UrXDyalAa0uqzWCxCJj6lPOvTve2WkfgCytoDTPaMnodXh1WrXOq0haVYHj99ynJlsg==",
            "requires": {
                "@types/unist": "^2.0.0",
                "unist-util-is": "^4.0.0"
            }
        }
    }
}
